
Microsoft Visual Studio Solution File, Format Version 12.00
# Visual Studio Version 17
VisualStudioVersion = 17.14.36414.22 d17.14
MinimumVisualStudioVersion = 10.0.40219.1
Project("{FAE04EC0-301F-11D3-BF4B-00C04F79EFBC}") = "Delegates2", "Delegates2\Delegates2.csproj", "{C275DA00-8BC9-46B0-988F-D30DED83F0CB}"
EndProject
Global
	GlobalSection(SolutionConfigurationPlatforms) = preSolution
		Debug|Any CPU = Debug|Any CPU
		Release|Any CPU = Release|Any CPU
	EndGlobalSection
	GlobalSection(ProjectConfigurationPlatforms) = postSolution
		{C275DA00-8BC9-46B0-988F-D30DED83F0CB}.Debug|Any CPU.ActiveCfg = Debug|Any CPU
		{C275DA00-8BC9-46B0-988F-D30DED83F0CB}.Debug|Any CPU.Build.0 = Debug|Any CPU
		{C275DA00-8BC9-46B0-988F-D30DED83F0CB}.Release|Any CPU.ActiveCfg = Release|Any CPU
		{C275DA00-8BC9-46B0-988F-D30DED83F0CB}.Release|Any CPU.Build.0 = Release|Any CPU
	EndGlobalSection
	GlobalSection(SolutionProperties) = preSolution
		HideSolutionNode = FALSE
	EndGlobalSection
	GlobalSection(ExtensibilityGlobals) = postSolution
		SolutionGuid = {5FE5A439-4469-444D-AE9B-6ABD8A087A36}
	EndGlobalSection
EndGlobal
