
Microsoft Visual Studio Solution File, Format Version 12.00
# Visual Studio Version 17
VisualStudioVersion = 17.14.36414.22 d17.14
MinimumVisualStudioVersion = 10.0.40219.1
Project("{FAE04EC0-301F-11D3-BF4B-00C04F79EFBC}") = "ExceptionDev1", "ExceptionDev1\ExceptionDev1.csproj", "{A9F76DCC-F5D6-49B4-A603-00DDA3619D5A}"
EndProject
Global
	GlobalSection(SolutionConfigurationPlatforms) = preSolution
		Debug|Any CPU = Debug|Any CPU
		Release|Any CPU = Release|Any CPU
	EndGlobalSection
	GlobalSection(ProjectConfigurationPlatforms) = postSolution
		{A9F76DCC-F5D6-49B4-A603-00DDA3619D5A}.Debug|Any CPU.ActiveCfg = Debug|Any CPU
		{A9F76DCC-F5D6-49B4-A603-00DDA3619D5A}.Debug|Any CPU.Build.0 = Debug|Any CPU
		{A9F76DCC-F5D6-49B4-A603-00DDA3619D5A}.Release|Any CPU.ActiveCfg = Release|Any CPU
		{A9F76DCC-F5D6-49B4-A603-00DDA3619D5A}.Release|Any CPU.Build.0 = Release|Any CPU
	EndGlobalSection
	GlobalSection(SolutionProperties) = preSolution
		HideSolutionNode = FALSE
	EndGlobalSection
	GlobalSection(ExtensibilityGlobals) = postSolution
		SolutionGuid = {353EA11F-4322-418C-BB9F-B0F6F1A77F41}
	EndGlobalSection
EndGlobal
