
Microsoft Visual Studio Solution File, Format Version 12.00
# Visual Studio Version 17
VisualStudioVersion = 17.14.36414.22 d17.14
MinimumVisualStudioVersion = 10.0.40219.1
Project("{FAE04EC0-301F-11D3-BF4B-00C04F79EFBC}") = "Dictionary2", "Dictionary2\Dictionary2.csproj", "{F05896BD-DD03-4064-9E4E-FD8BB170C943}"
EndProject
Global
	GlobalSection(SolutionConfigurationPlatforms) = preSolution
		Debug|Any CPU = Debug|Any CPU
		Release|Any CPU = Release|Any CPU
	EndGlobalSection
	GlobalSection(ProjectConfigurationPlatforms) = postSolution
		{F05896BD-DD03-4064-9E4E-FD8BB170C943}.Debug|Any CPU.ActiveCfg = Debug|Any CPU
		{F05896BD-DD03-4064-9E4E-FD8BB170C943}.Debug|Any CPU.Build.0 = Debug|Any CPU
		{F05896BD-DD03-4064-9E4E-FD8BB170C943}.Release|Any CPU.ActiveCfg = Release|Any CPU
		{F05896BD-DD03-4064-9E4E-FD8BB170C943}.Release|Any CPU.Build.0 = Release|Any CPU
	EndGlobalSection
	GlobalSection(SolutionProperties) = preSolution
		HideSolutionNode = FALSE
	EndGlobalSection
	GlobalSection(ExtensibilityGlobals) = postSolution
		SolutionGuid = {00E52D12-2A76-4ED6-8343-023E85035C5D}
	EndGlobalSection
EndGlobal
