
Microsoft Visual Studio Solution File, Format Version 12.00
# Visual Studio Version 17
VisualStudioVersion = 17.14.36414.22 d17.14
MinimumVisualStudioVersion = 10.0.40219.1
Project("{FAE04EC0-301F-11D3-BF4B-00C04F79EFBC}") = "Types and Types Members1", "Types and Types Members1\Types and Types Members1.csproj", "{831BEE8D-2C02-42DB-9B40-CA839C569A6A}"
EndProject
Project("{FAE04EC0-301F-11D3-BF4B-00C04F79EFBC}") = "ExternalCompany", "ExternalCompany\ExternalCompany.csproj", "{74E35C29-0C9D-4A75-B380-DEE287983404}"
EndProject
Global
	GlobalSection(SolutionConfigurationPlatforms) = preSolution
		Debug|Any CPU = Debug|Any CPU
		Release|Any CPU = Release|Any CPU
	EndGlobalSection
	GlobalSection(ProjectConfigurationPlatforms) = postSolution
		{831BEE8D-2C02-42DB-9B40-CA839C569A6A}.Debug|Any CPU.ActiveCfg = Debug|Any CPU
		{831BEE8D-2C02-42DB-9B40-CA839C569A6A}.Debug|Any CPU.Build.0 = Debug|Any CPU
		{831BEE8D-2C02-42DB-9B40-CA839C569A6A}.Release|Any CPU.ActiveCfg = Release|Any CPU
		{831BEE8D-2C02-42DB-9B40-CA839C569A6A}.Release|Any CPU.Build.0 = Release|Any CPU
		{74E35C29-0C9D-4A75-B380-DEE287983404}.Debug|Any CPU.ActiveCfg = Debug|Any CPU
		{74E35C29-0C9D-4A75-B380-DEE287983404}.Debug|Any CPU.Build.0 = Debug|Any CPU
		{74E35C29-0C9D-4A75-B380-DEE287983404}.Release|Any CPU.ActiveCfg = Release|Any CPU
		{74E35C29-0C9D-4A75-B380-DEE287983404}.Release|Any CPU.Build.0 = Release|Any CPU
	EndGlobalSection
	GlobalSection(SolutionProperties) = preSolution
		HideSolutionNode = FALSE
	EndGlobalSection
	GlobalSection(ExtensibilityGlobals) = postSolution
		SolutionGuid = {4D8B4E80-665F-446A-8885-A0DB17328139}
	EndGlobalSection
EndGlobal
