
Microsoft Visual Studio Solution File, Format Version 12.00
# Visual Studio Version 17
VisualStudioVersion = 17.14.36414.22 d17.14
MinimumVisualStudioVersion = 10.0.40219.1
Project("{FAE04EC0-301F-11D3-BF4B-00C04F79EFBC}") = "Properties", "Properties\Properties.csproj", "{5D237305-7093-44C4-9205-6BD1E537069A}"
EndProject
Global
	GlobalSection(SolutionConfigurationPlatforms) = preSolution
		Debug|Any CPU = Debug|Any CPU
		Release|Any CPU = Release|Any CPU
	EndGlobalSection
	GlobalSection(ProjectConfigurationPlatforms) = postSolution
		{5D237305-7093-44C4-9205-6BD1E537069A}.Debug|Any CPU.ActiveCfg = Debug|Any CPU
		{5D237305-7093-44C4-9205-6BD1E537069A}.Debug|Any CPU.Build.0 = Debug|Any CPU
		{5D237305-7093-44C4-9205-6BD1E537069A}.Release|Any CPU.ActiveCfg = Release|Any CPU
		{5D237305-7093-44C4-9205-6BD1E537069A}.Release|Any CPU.Build.0 = Release|Any CPU
	EndGlobalSection
	GlobalSection(SolutionProperties) = preSolution
		HideSolutionNode = FALSE
	EndGlobalSection
	GlobalSection(ExtensibilityGlobals) = postSolution
		SolutionGuid = {2EA6DD88-0113-46B6-82DF-26C72DC58CAD}
	EndGlobalSection
EndGlobal
