
Microsoft Visual Studio Solution File, Format Version 12.00
# Visual Studio Version 17
VisualStudioVersion = 17.14.36414.22 d17.14
MinimumVisualStudioVersion = 10.0.40219.1
Project("{FAE04EC0-301F-11D3-BF4B-00C04F79EFBC}") = "demoarr", "demoarr\demoarr.csproj", "{7AB24C0D-48C5-4B1C-A030-79C858A36C3D}"
EndProject
Global
	GlobalSection(SolutionConfigurationPlatforms) = preSolution
		Debug|Any CPU = Debug|Any CPU
		Release|Any CPU = Release|Any CPU
	EndGlobalSection
	GlobalSection(ProjectConfigurationPlatforms) = postSolution
		{7AB24C0D-48C5-4B1C-A030-79C858A36C3D}.Debug|Any CPU.ActiveCfg = Debug|Any CPU
		{7AB24C0D-48C5-4B1C-A030-79C858A36C3D}.Debug|Any CPU.Build.0 = Debug|Any CPU
		{7AB24C0D-48C5-4B1C-A030-79C858A36C3D}.Release|Any CPU.ActiveCfg = Release|Any CPU
		{7AB24C0D-48C5-4B1C-A030-79C858A36C3D}.Release|Any CPU.Build.0 = Release|Any CPU
	EndGlobalSection
	GlobalSection(SolutionProperties) = preSolution
		HideSolutionNode = FALSE
	EndGlobalSection
	GlobalSection(ExtensibilityGlobals) = postSolution
		SolutionGuid = {BC7FE3F7-8DEA-4E1C-87F4-8545BFD0C361}
	EndGlobalSection
EndGlobal
