
Microsoft Visual Studio Solution File, Format Version 12.00
# Visual Studio Version 17
VisualStudioVersion = 17.14.36414.22 d17.14
MinimumVisualStudioVersion = 10.0.40219.1
Project("{FAE04EC0-301F-11D3-BF4B-00C04F79EFBC}") = "pass by value & ref", "pass by value & ref\pass by value & ref.csproj", "{B19D0FF7-5837-464B-843C-A40C7DE2DA7C}"
EndProject
Global
	GlobalSection(SolutionConfigurationPlatforms) = preSolution
		Debug|Any CPU = Debug|Any CPU
		Release|Any CPU = Release|Any CPU
	EndGlobalSection
	GlobalSection(ProjectConfigurationPlatforms) = postSolution
		{B19D0FF7-5837-464B-843C-A40C7DE2DA7C}.Debug|Any CPU.ActiveCfg = Debug|Any CPU
		{B19D0FF7-5837-464B-843C-A40C7DE2DA7C}.Debug|Any CPU.Build.0 = Debug|Any CPU
		{B19D0FF7-5837-464B-843C-A40C7DE2DA7C}.Release|Any CPU.ActiveCfg = Release|Any CPU
		{B19D0FF7-5837-464B-843C-A40C7DE2DA7C}.Release|Any CPU.Build.0 = Release|Any CPU
	EndGlobalSection
	GlobalSection(SolutionProperties) = preSolution
		HideSolutionNode = FALSE
	EndGlobalSection
	GlobalSection(ExtensibilityGlobals) = postSolution
		SolutionGuid = {D72CFF33-B761-433B-A4C0-0B7847E67F76}
	EndGlobalSection
EndGlobal
