
Microsoft Visual Studio Solution File, Format Version 12.00
# Visual Studio Version 17
VisualStudioVersion = 17.14.36414.22 d17.14
MinimumVisualStudioVersion = 10.0.40219.1
Project("{FAE04EC0-301F-11D3-BF4B-00C04F79EFBC}") = "Khata", "Khata\Khata.csproj", "{2634B859-5949-4100-89F5-D7FB329FEF09}"
EndProject
Global
	GlobalSection(SolutionConfigurationPlatforms) = preSolution
		Debug|Any CPU = Debug|Any CPU
		Release|Any CPU = Release|Any CPU
	EndGlobalSection
	GlobalSection(ProjectConfigurationPlatforms) = postSolution
		{2634B859-5949-4100-89F5-D7FB329FEF09}.Debug|Any CPU.ActiveCfg = Debug|Any CPU
		{2634B859-5949-4100-89F5-D7FB329FEF09}.Debug|Any CPU.Build.0 = Debug|Any CPU
		{2634B859-5949-4100-89F5-D7FB329FEF09}.Release|Any CPU.ActiveCfg = Release|Any CPU
		{2634B859-5949-4100-89F5-D7FB329FEF09}.Release|Any CPU.Build.0 = Release|Any CPU
	EndGlobalSection
	GlobalSection(SolutionProperties) = preSolution
		HideSolutionNode = FALSE
	EndGlobalSection
	GlobalSection(ExtensibilityGlobals) = postSolution
		SolutionGuid = {658F0E7F-798A-4E82-8936-24487BBF86FB}
	EndGlobalSection
EndGlobal
